// !$*UTF8*$!
{
	archiveVersion = 1;
	classes = {
	};
	objectVersion = 56;
	objects = {

/* Begin PBXBuildFile section */
		5116E5BC2B8F7D1D00548C72 /* AppDelegate.swift in Sources */ = {isa = PBXBuildFile; fileRef = 5116E5BB2B8F7D1D00548C72 /* AppDelegate.swift */; };
		5116E5BE2B8F7D1D00548C72 /* SceneDelegate.swift in Sources */ = {isa = PBXBuildFile; fileRef = 5116E5BD2B8F7D1D00548C72 /* SceneDelegate.swift */; };
		5116E5C02B8F7D1D00548C72 /* ViewController.swift in Sources */ = {isa = PBXBuildFile; fileRef = 5116E5BF2B8F7D1D00548C72 /* ViewController.swift */; };
		5116E5C52B8F7D2000548C72 /* Assets.xcassets in Resources */ = {isa = PBXBuildFile; fileRef = 5116E5C42B8F7D2000548C72 /* Assets.xcassets */; };
		5116E5C82B8F7D2000548C72 /* LaunchScreen.storyboard in Resources */ = {isa = PBXBuildFile; fileRef = 5116E5C62B8F7D2000548C72 /* LaunchScreen.storyboard */; };
		5116E5D02B8F7ECB00548C72 /* MainViewController.swift in Sources */ = {isa = PBXBuildFile; fileRef = 5116E5CF2B8F7ECB00548C72 /* MainViewController.swift */; };
		5116E5D32B8F861C00548C72 /* MainViewCollectionCell.swift in Sources */ = {isa = PBXBuildFile; fileRef = 5116E5D22B8F861C00548C72 /* MainViewCollectionCell.swift */; };
		5116E5D52B8F8C9000548C72 /* UIViewExtension.swift in Sources */ = {isa = PBXBuildFile; fileRef = 5116E5D42B8F8C9000548C72 /* UIViewExtension.swift */; };
		5116E5D82B90D29500548C72 /* MainViewCollectionExtension.swift in Sources */ = {isa = PBXBuildFile; fileRef = 5116E5D72B90D29500548C72 /* MainViewCollectionExtension.swift */; };
		5116E5DA2B90D3CD00548C72 /* MainViewTableExtension.swift in Sources */ = {isa = PBXBuildFile; fileRef = 5116E5D92B90D3CD00548C72 /* MainViewTableExtension.swift */; };
		5116E5DC2B90D5DE00548C72 /* MainViewTableCell.swift in Sources */ = {isa = PBXBuildFile; fileRef = 5116E5DB2B90D5DE00548C72 /* MainViewTableCell.swift */; };
		5116E5E22B94BB4100548C72 /* NetworkService.swift in Sources */ = {isa = PBXBuildFile; fileRef = 5116E5E12B94BB4100548C72 /* NetworkService.swift */; };
		5116E5E42B94BBE600548C72 /* WeatherService.swift in Sources */ = {isa = PBXBuildFile; fileRef = 5116E5E32B94BBE600548C72 /* WeatherService.swift */; };
		5116E5E62B96172F00548C72 /* MainModel.swift in Sources */ = {isa = PBXBuildFile; fileRef = 5116E5E52B96172F00548C72 /* MainModel.swift */; };
		511AD25E2B9D95F40029D9F2 /* MainPresenter.swift in Sources */ = {isa = PBXBuildFile; fileRef = 511AD25D2B9D95F40029D9F2 /* MainPresenter.swift */; };
/* End PBXBuildFile section */

/* Begin PBXFileReference section */
		5116E5B82B8F7D1D00548C72 /* weatherNetology.app */ = {isa = PBXFileReference; explicitFileType = wrapper.application; includeInIndex = 0; path = weatherNetology.app; sourceTree = BUILT_PRODUCTS_DIR; };
		5116E5BB2B8F7D1D00548C72 /* AppDelegate.swift */ = {isa = PBXFileReference; lastKnownFileType = sourcecode.swift; path = AppDelegate.swift; sourceTree = "<group>"; };
		5116E5BD2B8F7D1D00548C72 /* SceneDelegate.swift */ = {isa = PBXFileReference; lastKnownFileType = sourcecode.swift; path = SceneDelegate.swift; sourceTree = "<group>"; };
		5116E5BF2B8F7D1D00548C72 /* ViewController.swift */ = {isa = PBXFileReference; lastKnownFileType = sourcecode.swift; path = ViewController.swift; sourceTree = "<group>"; };
		5116E5C42B8F7D2000548C72 /* Assets.xcassets */ = {isa = PBXFileReference; lastKnownFileType = folder.assetcatalog; path = Assets.xcassets; sourceTree = "<group>"; };
		5116E5C72B8F7D2000548C72 /* Base */ = {isa = PBXFileReference; lastKnownFileType = file.storyboard; name = Base; path = Base.lproj/LaunchScreen.storyboard; sourceTree = "<group>"; };
		5116E5C92B8F7D2000548C72 /* Info.plist */ = {isa = PBXFileReference; lastKnownFileType = text.plist.xml; path = Info.plist; sourceTree = "<group>"; };
		5116E5CF2B8F7ECB00548C72 /* MainViewController.swift */ = {isa = PBXFileReference; lastKnownFileType = sourcecode.swift; path = MainViewController.swift; sourceTree = "<group>"; };
		5116E5D22B8F861C00548C72 /* MainViewCollectionCell.swift */ = {isa = PBXFileReference; lastKnownFileType = sourcecode.swift; path = MainViewCollectionCell.swift; sourceTree = "<group>"; };
		5116E5D42B8F8C9000548C72 /* UIViewExtension.swift */ = {isa = PBXFileReference; lastKnownFileType = sourcecode.swift; path = UIViewExtension.swift; sourceTree = "<group>"; };
		5116E5D72B90D29500548C72 /* MainViewCollectionExtension.swift */ = {isa = PBXFileReference; lastKnownFileType = sourcecode.swift; path = MainViewCollectionExtension.swift; sourceTree = "<group>"; };
		5116E5D92B90D3CD00548C72 /* MainViewTableExtension.swift */ = {isa = PBXFileReference; lastKnownFileType = sourcecode.swift; path = MainViewTableExtension.swift; sourceTree = "<group>"; };
		5116E5DB2B90D5DE00548C72 /* MainViewTableCell.swift */ = {isa = PBXFileReference; lastKnownFileType = sourcecode.swift; path = MainViewTableCell.swift; sourceTree = "<group>"; };
		5116E5E12B94BB4100548C72 /* NetworkService.swift */ = {isa = PBXFileReference; lastKnownFileType = sourcecode.swift; path = NetworkService.swift; sourceTree = "<group>"; };
		5116E5E32B94BBE600548C72 /* WeatherService.swift */ = {isa = PBXFileReference; lastKnownFileType = sourcecode.swift; path = WeatherService.swift; sourceTree = "<group>"; };
		5116E5E52B96172F00548C72 /* MainModel.swift */ = {isa = PBXFileReference; lastKnownFileType = sourcecode.swift; path = MainModel.swift; sourceTree = "<group>"; };
		511AD25D2B9D95F40029D9F2 /* MainPresenter.swift */ = {isa = PBXFileReference; lastKnownFileType = sourcecode.swift; path = MainPresenter.swift; sourceTree = "<group>"; };
/* End PBXFileReference section */

/* Begin PBXFrameworksBuildPhase section */
		5116E5B52B8F7D1D00548C72 /* Frameworks */ = {
			isa = PBXFrameworksBuildPhase;
			buildActionMask = 2147483647;
			files = (
			);
			runOnlyForDeploymentPostprocessing = 0;
		};
/* End PBXFrameworksBuildPhase section */

/* Begin PBXGroup section */
		5116E5AF2B8F7D1D00548C72 = {
			isa = PBXGroup;
			children = (
				5116E5BA2B8F7D1D00548C72 /* weatherNetology */,
				5116E5B92B8F7D1D00548C72 /* Products */,
			);
			sourceTree = "<group>";
		};
		5116E5B92B8F7D1D00548C72 /* Products */ = {
			isa = PBXGroup;
			children = (
				5116E5B82B8F7D1D00548C72 /* weatherNetology.app */,
			);
			name = Products;
			sourceTree = "<group>";
		};
		5116E5BA2B8F7D1D00548C72 /* weatherNetology */ = {
			isa = PBXGroup;
			children = (
				5116E5E02B94BA6E00548C72 /* Service */,
				5116E5D62B8F8CA800548C72 /* MainView */,
				5116E5BB2B8F7D1D00548C72 /* AppDelegate.swift */,
				5116E5BD2B8F7D1D00548C72 /* SceneDelegate.swift */,
				5116E5BF2B8F7D1D00548C72 /* ViewController.swift */,
				5116E5C42B8F7D2000548C72 /* Assets.xcassets */,
				5116E5C62B8F7D2000548C72 /* LaunchScreen.storyboard */,
				5116E5C92B8F7D2000548C72 /* Info.plist */,
				5116E5D42B8F8C9000548C72 /* UIViewExtension.swift */,
			);
			path = weatherNetology;
			sourceTree = "<group>";
		};
		5116E5D62B8F8CA800548C72 /* MainView */ = {
			isa = PBXGroup;
			children = (
				5116E5CF2B8F7ECB00548C72 /* MainViewController.swift */,
				5116E5D22B8F861C00548C72 /* MainViewCollectionCell.swift */,
				5116E5D72B90D29500548C72 /* MainViewCollectionExtension.swift */,
				5116E5D92B90D3CD00548C72 /* MainViewTableExtension.swift */,
				5116E5DB2B90D5DE00548C72 /* MainViewTableCell.swift */,
				5116E5E52B96172F00548C72 /* MainModel.swift */,
				511AD25D2B9D95F40029D9F2 /* MainPresenter.swift */,
			);
			path = MainView;
			sourceTree = "<group>";
		};
		5116E5E02B94BA6E00548C72 /* Service */ = {
			isa = PBXGroup;
			children = (
				5116E5E12B94BB4100548C72 /* NetworkService.swift */,
				5116E5E32B94BBE600548C72 /* WeatherService.swift */,
			);
			path = Service;
			sourceTree = "<group>";
		};
/* End PBXGroup section */

/* Begin PBXNativeTarget section */
		5116E5B72B8F7D1D00548C72 /* weatherNetology */ = {
			isa = PBXNativeTarget;
			buildConfigurationList = 5116E5CC2B8F7D2000548C72 /* Build configuration list for PBXNativeTarget "weatherNetology" */;
			buildPhases = (
				5116E5B42B8F7D1D00548C72 /* Sources */,
				5116E5B52B8F7D1D00548C72 /* Frameworks */,
				5116E5B62B8F7D1D00548C72 /* Resources */,
			);
			buildRules = (
			);
			dependencies = (
			);
			name = weatherNetology;
			productName = weatherNetology;
			productReference = 5116E5B82B8F7D1D00548C72 /* weatherNetology.app */;
			productType = "com.apple.product-type.application";
		};
/* End PBXNativeTarget section */

/* Begin PBXProject section */
		5116E5B02B8F7D1D00548C72 /* Project object */ = {
			isa = PBXProject;
			attributes = {
				BuildIndependentTargetsInParallel = 1;
				KnownAssetTags = (
					New,
				);
				LastSwiftUpdateCheck = 1500;
				LastUpgradeCheck = 1500;
				TargetAttributes = {
					5116E5B72B8F7D1D00548C72 = {
						CreatedOnToolsVersion = 15.0;
					};
				};
			};
			buildConfigurationList = 5116E5B32B8F7D1D00548C72 /* Build configuration list for PBXProject "weatherNetology" */;
			compatibilityVersion = "Xcode 14.0";
			developmentRegion = en;
			hasScannedForEncodings = 0;
			knownRegions = (
				en,
				Base,
			);
			mainGroup = 5116E5AF2B8F7D1D00548C72;
			productRefGroup = 5116E5B92B8F7D1D00548C72 /* Products */;
			projectDirPath = "";
			projectRoot = "";
			targets = (
				5116E5B72B8F7D1D00548C72 /* weatherNetology */,
			);
		};
/* End PBXProject section */

/* Begin PBXResourcesBuildPhase section */
		5116E5B62B8F7D1D00548C72 /* Resources */ = {
			isa = PBXResourcesBuildPhase;
			buildActionMask = 2147483647;
			files = (
				5116E5C82B8F7D2000548C72 /* LaunchScreen.storyboard in Resources */,
				5116E5C52B8F7D2000548C72 /* Assets.xcassets in Resources */,
			);
			runOnlyForDeploymentPostprocessing = 0;
		};
/* End PBXResourcesBuildPhase section */

/* Begin PBXSourcesBuildPhase section */
		5116E5B42B8F7D1D00548C72 /* Sources */ = {
			isa = PBXSourcesBuildPhase;
			buildActionMask = 2147483647;
			files = (
				5116E5E22B94BB4100548C72 /* NetworkService.swift in Sources */,
				5116E5D52B8F8C9000548C72 /* UIViewExtension.swift in Sources */,
				5116E5E42B94BBE600548C72 /* WeatherService.swift in Sources */,
				5116E5C02B8F7D1D00548C72 /* ViewController.swift in Sources */,
				5116E5D32B8F861C00548C72 /* MainViewCollectionCell.swift in Sources */,
				5116E5BC2B8F7D1D00548C72 /* AppDelegate.swift in Sources */,
				511AD25E2B9D95F40029D9F2 /* MainPresenter.swift in Sources */,
				5116E5DC2B90D5DE00548C72 /* MainViewTableCell.swift in Sources */,
				5116E5DA2B90D3CD00548C72 /* MainViewTableExtension.swift in Sources */,
				5116E5E62B96172F00548C72 /* MainModel.swift in Sources */,
				5116E5D82B90D29500548C72 /* MainViewCollectionExtension.swift in Sources */,
				5116E5BE2B8F7D1D00548C72 /* SceneDelegate.swift in Sources */,
				5116E5D02B8F7ECB00548C72 /* MainViewController.swift in Sources */,
			);
			runOnlyForDeploymentPostprocessing = 0;
		};
/* End PBXSourcesBuildPhase section */

/* Begin PBXVariantGroup section */
		5116E5C62B8F7D2000548C72 /* LaunchScreen.storyboard */ = {
			isa = PBXVariantGroup;
			children = (
				5116E5C72B8F7D2000548C72 /* Base */,
			);
			name = LaunchScreen.storyboard;
			sourceTree = "<group>";
		};
/* End PBXVariantGroup section */

/* Begin XCBuildConfiguration section */
		5116E5CA2B8F7D2000548C72 /* Debug */ = {
			isa = XCBuildConfiguration;
			buildSettings = {
				ALWAYS_SEARCH_USER_PATHS = NO;
				ASSETCATALOG_COMPILER_GENERATE_SWIFT_ASSET_SYMBOL_EXTENSIONS = YES;
				CLANG_ANALYZER_NONNULL = YES;
				CLANG_ANALYZER_NUMBER_OBJECT_CONVERSION = YES_AGGRESSIVE;
				CLANG_CXX_LANGUAGE_STANDARD = "gnu++20";
				CLANG_ENABLE_MODULES = YES;
				CLANG_ENABLE_OBJC_ARC = YES;
				CLANG_ENABLE_OBJC_WEAK = YES;
				CLANG_WARN_BLOCK_CAPTURE_AUTORELEASING = YES;
				CLANG_WARN_BOOL_CONVERSION = YES;
				CLANG_WARN_COMMA = YES;
				CLANG_WARN_CONSTANT_CONVERSION = YES;
				CLANG_WARN_DEPRECATED_OBJC_IMPLEMENTATIONS = YES;
				CLANG_WARN_DIRECT_OBJC_ISA_USAGE = YES_ERROR;
				CLANG_WARN_DOCUMENTATION_COMMENTS = YES;
				CLANG_WARN_EMPTY_BODY = YES;
				CLANG_WARN_ENUM_CONVERSION = YES;
				CLANG_WARN_INFINITE_RECURSION = YES;
				CLANG_WARN_INT_CONVERSION = YES;
				CLANG_WARN_NON_LITERAL_NULL_CONVERSION = YES;
				CLANG_WARN_OBJC_IMPLICIT_RETAIN_SELF = YES;
				CLANG_WARN_OBJC_LITERAL_CONVERSION = YES;
				CLANG_WARN_OBJC_ROOT_CLASS = YES_ERROR;
				CLANG_WARN_QUOTED_INCLUDE_IN_FRAMEWORK_HEADER = YES;
				CLANG_WARN_RANGE_LOOP_ANALYSIS = YES;
				CLANG_WARN_STRICT_PROTOTYPES = YES;
				CLANG_WARN_SUSPICIOUS_MOVE = YES;
				CLANG_WARN_UNGUARDED_AVAILABILITY = YES_AGGRESSIVE;
				CLANG_WARN_UNREACHABLE_CODE = YES;
				CLANG_WARN__DUPLICATE_METHOD_MATCH = YES;
				COPY_PHASE_STRIP = NO;
				DEBUG_INFORMATION_FORMAT = dwarf;
				ENABLE_STRICT_OBJC_MSGSEND = YES;
				ENABLE_TESTABILITY = YES;
				ENABLE_USER_SCRIPT_SANDBOXING = YES;
				GCC_C_LANGUAGE_STANDARD = gnu17;
				GCC_DYNAMIC_NO_PIC = NO;
				GCC_NO_COMMON_BLOCKS = YES;
				GCC_OPTIMIZATION_LEVEL = 0;
				GCC_PREPROCESSOR_DEFINITIONS = (
					"DEBUG=1",
					"$(inherited)",
				);
				GCC_WARN_64_TO_32_BIT_CONVERSION = YES;
				GCC_WARN_ABOUT_RETURN_TYPE = YES_ERROR;
				GCC_WARN_UNDECLARED_SELECTOR = YES;
				GCC_WARN_UNINITIALIZED_AUTOS = YES_AGGRESSIVE;
				GCC_WARN_UNUSED_FUNCTION = YES;
				GCC_WARN_UNUSED_VARIABLE = YES;
				IPHONEOS_DEPLOYMENT_TARGET = 15.1;
				LOCALIZATION_PREFERS_STRING_CATALOGS = YES;
				MTL_ENABLE_DEBUG_INFO = INCLUDE_SOURCE;
				MTL_FAST_MATH = YES;
				ONLY_ACTIVE_ARCH = YES;
				SDKROOT = iphoneos;
				SWIFT_ACTIVE_COMPILATION_CONDITIONS = "DEBUG $(inherited)";
				SWIFT_OPTIMIZATION_LEVEL = "-Onone";
			};
			name = Debug;
		};
		5116E5CB2B8F7D2000548C72 /* Release */ = {
			isa = XCBuildConfiguration;
			buildSettings = {
				ALWAYS_SEARCH_USER_PATHS = NO;
				ASSETCATALOG_COMPILER_GENERATE_SWIFT_ASSET_SYMBOL_EXTENSIONS = YES;
				CLANG_ANALYZER_NONNULL = YES;
				CLANG_ANALYZER_NUMBER_OBJECT_CONVERSION = YES_AGGRESSIVE;
				CLANG_CXX_LANGUAGE_STANDARD = "gnu++20";
				CLANG_ENABLE_MODULES = YES;
				CLANG_ENABLE_OBJC_ARC = YES;
				CLANG_ENABLE_OBJC_WEAK = YES;
				CLANG_WARN_BLOCK_CAPTURE_AUTORELEASING = YES;
				CLANG_WARN_BOOL_CONVERSION = YES;
				CLANG_WARN_COMMA = YES;
				CLANG_WARN_CONSTANT_CONVERSION = YES;
				CLANG_WARN_DEPRECATED_OBJC_IMPLEMENTATIONS = YES;
				CLANG_WARN_DIRECT_OBJC_ISA_USAGE = YES_ERROR;
				CLANG_WARN_DOCUMENTATION_COMMENTS = YES;
				CLANG_WARN_EMPTY_BODY = YES;
				CLANG_WARN_ENUM_CONVERSION = YES;
				CLANG_WARN_INFINITE_RECURSION = YES;
				CLANG_WARN_INT_CONVERSION = YES;
				CLANG_WARN_NON_LITERAL_NULL_CONVERSION = YES;
				CLANG_WARN_OBJC_IMPLICIT_RETAIN_SELF = YES;
				CLANG_WARN_OBJC_LITERAL_CONVERSION = YES;
				CLANG_WARN_OBJC_ROOT_CLASS = YES_ERROR;
				CLANG_WARN_QUOTED_INCLUDE_IN_FRAMEWORK_HEADER = YES;
				CLANG_WARN_RANGE_LOOP_ANALYSIS = YES;
				CLANG_WARN_STRICT_PROTOTYPES = YES;
				CLANG_WARN_SUSPICIOUS_MOVE = YES;
				CLANG_WARN_UNGUARDED_AVAILABILITY = YES_AGGRESSIVE;
				CLANG_WARN_UNREACHABLE_CODE = YES;
				CLANG_WARN__DUPLICATE_METHOD_MATCH = YES;
				COPY_PHASE_STRIP = NO;
				DEBUG_INFORMATION_FORMAT = "dwarf-with-dsym";
				ENABLE_NS_ASSERTIONS = NO;
				ENABLE_STRICT_OBJC_MSGSEND = YES;
				ENABLE_USER_SCRIPT_SANDBOXING = YES;
				GCC_C_LANGUAGE_STANDARD = gnu17;
				GCC_NO_COMMON_BLOCKS = YES;
				GCC_WARN_64_TO_32_BIT_CONVERSION = YES;
				GCC_WARN_ABOUT_RETURN_TYPE = YES_ERROR;
				GCC_WARN_UNDECLARED_SELECTOR = YES;
				GCC_WARN_UNINITIALIZED_AUTOS = YES_AGGRESSIVE;
				GCC_WARN_UNUSED_FUNCTION = YES;
				GCC_WARN_UNUSED_VARIABLE = YES;
				IPHONEOS_DEPLOYMENT_TARGET = 15.1;
				LOCALIZATION_PREFERS_STRING_CATALOGS = YES;
				MTL_ENABLE_DEBUG_INFO = NO;
				MTL_FAST_MATH = YES;
				SDKROOT = iphoneos;
				SWIFT_COMPILATION_MODE = wholemodule;
				VALIDATE_PRODUCT = YES;
			};
			name = Release;
		};
		5116E5CD2B8F7D2000548C72 /* Debug */ = {
			isa = XCBuildConfiguration;
			buildSettings = {
				ASSETCATALOG_COMPILER_APPICON_NAME = AppIcon;
				ASSETCATALOG_COMPILER_GLOBAL_ACCENT_COLOR_NAME = AccentColor;
				CODE_SIGN_STYLE = Automatic;
				CURRENT_PROJECT_VERSION = 1;
				DEVELOPMENT_TEAM = L24ACGSC43;
				GENERATE_INFOPLIST_FILE = YES;
				INFOPLIST_FILE = weatherNetology/Info.plist;
				INFOPLIST_KEY_NSLocationWhenInUseUsageDescription = "";
				INFOPLIST_KEY_UIApplicationSupportsIndirectInputEvents = YES;
				INFOPLIST_KEY_UILaunchStoryboardName = LaunchScreen;
				INFOPLIST_KEY_UISupportedInterfaceOrientations_iPad = "UIInterfaceOrientationPortrait UIInterfaceOrientationPortraitUpsideDown UIInterfaceOrientationLandscapeLeft UIInterfaceOrientationLandscapeRight";
				INFOPLIST_KEY_UISupportedInterfaceOrientations_iPhone = "UIInterfaceOrientationPortrait UIInterfaceOrientationLandscapeLeft UIInterfaceOrientationLandscapeRight";
				IPHONEOS_DEPLOYMENT_TARGET = 15.1;
				LD_RUNPATH_SEARCH_PATHS = (
					"$(inherited)",
					"@executable_path/Frameworks",
				);
				MARKETING_VERSION = 1.0;
				PRODUCT_BUNDLE_IDENTIFIER = ecorp.red.weatherNetology;
				PRODUCT_NAME = "$(TARGET_NAME)";
				SWIFT_EMIT_LOC_STRINGS = YES;
				SWIFT_VERSION = 5.0;
				TARGETED_DEVICE_FAMILY = "1,2";
			};
			name = Debug;
		};
		5116E5CE2B8F7D2000548C72 /* Release */ = {
			isa = XCBuildConfiguration;
			buildSettings = {
				ASSETCATALOG_COMPILER_APPICON_NAME = AppIcon;
				ASSETCATALOG_COMPILER_GLOBAL_ACCENT_COLOR_NAME = AccentColor;
				CODE_SIGN_STYLE = Automatic;
				CURRENT_PROJECT_VERSION = 1;
				DEVELOPMENT_TEAM = L24ACGSC43;
				GENERATE_INFOPLIST_FILE = YES;
				INFOPLIST_FILE = weatherNetology/Info.plist;
				INFOPLIST_KEY_NSLocationWhenInUseUsageDescription = "";
				INFOPLIST_KEY_UIApplicationSupportsIndirectInputEvents = YES;
				INFOPLIST_KEY_UILaunchStoryboardName = LaunchScreen;
				INFOPLIST_KEY_UISupportedInterfaceOrientations_iPad = "UIInterfaceOrientationPortrait UIInterfaceOrientationPortraitUpsideDown UIInterfaceOrientationLandscapeLeft UIInterfaceOrientationLandscapeRight";
				INFOPLIST_KEY_UISupportedInterfaceOrientations_iPhone = "UIInterfaceOrientationPortrait UIInterfaceOrientationLandscapeLeft UIInterfaceOrientationLandscapeRight";
				IPHONEOS_DEPLOYMENT_TARGET = 15.1;
				LD_RUNPATH_SEARCH_PATHS = (
					"$(inherited)",
					"@executable_path/Frameworks",
				);
				MARKETING_VERSION = 1.0;
				PRODUCT_BUNDLE_IDENTIFIER = ecorp.red.weatherNetology;
				PRODUCT_NAME = "$(TARGET_NAME)";
				SWIFT_EMIT_LOC_STRINGS = YES;
				SWIFT_VERSION = 5.0;
				TARGETED_DEVICE_FAMILY = "1,2";
			};
			name = Release;
		};
/* End XCBuildConfiguration section */

/* Begin XCConfigurationList section */
		5116E5B32B8F7D1D00548C72 /* Build configuration list for PBXProject "weatherNetology" */ = {
			isa = XCConfigurationList;
			buildConfigurations = (
				5116E5CA2B8F7D2000548C72 /* Debug */,
				5116E5CB2B8F7D2000548C72 /* Release */,
			);
			defaultConfigurationIsVisible = 0;
			defaultConfigurationName = Release;
		};
		5116E5CC2B8F7D2000548C72 /* Build configuration list for PBXNativeTarget "weatherNetology" */ = {
			isa = XCConfigurationList;
			buildConfigurations = (
				5116E5CD2B8F7D2000548C72 /* Debug */,
				5116E5CE2B8F7D2000548C72 /* Release */,
			);
			defaultConfigurationIsVisible = 0;
			defaultConfigurationName = Release;
		};
/* End XCConfigurationList section */
	};
	rootObject = 5116E5B02B8F7D1D00548C72 /* Project object */;
}
